# This file is automatically @generated by Cargo.
# It is not intended for manual editing.
version = 4

[[package]]
name = "app"
version = "0.1.0"

[[package]]
name = "assets"
version = "0.1.0"

[[package]]
name = "audio"
version = "0.1.0"

[[package]]
name = "ecs"
version = "0.1.0"

[[package]]
name = "engine_core"
version = "0.1.0"

[[package]]
name = "input"
version = "0.1.0"

[[package]]
name = "math"
version = "0.1.0"

[[package]]
name = "platform"
version = "0.1.0"

[[package]]
name = "render"
version = "0.1.0"
